
Microsoft Visual Studio Solution File, Format Version 12.00
# Visual Studio Version 16
VisualStudioVersion = 16.0.30011.22
MinimumVisualStudioVersion = 10.0.40219.1
Project("{FAE04EC0-301F-11D3-BF4B-00C04F79EFBC}") = "HtmlWebSite", "HtmlWebSite\HtmlWebSite.csproj", "{66CC53A9-FFED-4EC5-9A66-0B5049DC1A39}"
EndProject
Global
	GlobalSection(SolutionConfigurationPlatforms) = preSolution
		Debug|Any CPU = Debug|Any CPU
		Release|Any CPU = Release|Any CPU
	EndGlobalSection
	GlobalSection(ProjectConfigurationPlatforms) = postSolution
		{66CC53A9-FFED-4EC5-9A66-0B5049DC1A39}.Debug|Any CPU.ActiveCfg = Debug|Any CPU
		{66CC53A9-FFED-4EC5-9A66-0B5049DC1A39}.Debug|Any CPU.Build.0 = Debug|Any CPU
		{66CC53A9-FFED-4EC5-9A66-0B5049DC1A39}.Release|Any CPU.ActiveCfg = Release|Any CPU
		{66CC53A9-FFED-4EC5-9A66-0B5049DC1A39}.Release|Any CPU.Build.0 = Release|Any CPU
	EndGlobalSection
	GlobalSection(SolutionProperties) = preSolution
		HideSolutionNode = FALSE
	EndGlobalSection
	GlobalSection(ExtensibilityGlobals) = postSolution
		SolutionGuid = {15404C8F-38CF-419F-B592-4F0D1C49A1C0}
	EndGlobalSection
EndGlobal
